// !$*UTF8*$!
{
	archiveVersion = 1;
	classes = {
	};
	objectVersion = 46;
	objects = {

/* Begin PBXBuildFile section */
		5DFB94D81CF782E500B43B1C /* AppDelegate.swift in Sources */ = {isa = PBXBuildFile; fileRef = 5DFB94D71CF782E500B43B1C /* AppDelegate.swift */; };
		5DFB94DD1CF782E500B43B1C /* Main.storyboard in Resources */ = {isa = PBXBuildFile; fileRef = 5DFB94DB1CF782E500B43B1C /* Main.storyboard */; };
		5DFB94DF1CF782E500B43B1C /* Assets.xcassets in Resources */ = {isa = PBXBuildFile; fileRef = 5DFB94DE1CF782E500B43B1C /* Assets.xcassets */; };
		5DFB94E21CF782E500B43B1C /* LaunchScreen.storyboard in Resources */ = {isa = PBXBuildFile; fileRef = 5DFB94E01CF782E500B43B1C /* LaunchScreen.storyboard */; };
		5DFB94ED1CF7850900B43B1C /* ImageViewController.swift in Sources */ = {isa = PBXBuildFile; fileRef = 5DFB94EC1CF7850900B43B1C /* ImageViewController.swift */; };
/* End PBXBuildFile section */

/* Begin PBXFileReference section */
		5DFB94D41CF782E500B43B1C /* Cassini.app */ = {isa = PBXFileReference; explicitFileType = wrapper.application; includeInIndex = 0; path = Cassini.app; sourceTree = BUILT_PRODUCTS_DIR; };
		5DFB94D71CF782E500B43B1C /* AppDelegate.swift */ = {isa = PBXFileReference; lastKnownFileType = sourcecode.swift; path = AppDelegate.swift; sourceTree = "<group>"; };
		5DFB94DC1CF782E500B43B1C /* Base */ = {isa = PBXFileReference; lastKnownFileType = file.storyboard; name = Base; path = Base.lproj/Main.storyboard; sourceTree = "<group>"; };
		5DFB94DE1CF782E500B43B1C /* Assets.xcassets */ = {isa = PBXFileReference; lastKnownFileType = folder.assetcatalog; path = Assets.xcassets; sourceTree = "<group>"; };
		5DFB94E11CF782E500B43B1C /* Base */ = {isa = PBXFileReference; lastKnownFileType = file.storyboard; name = Base; path = Base.lproj/LaunchScreen.storyboard; sourceTree = "<group>"; };
		5DFB94E31CF782E500B43B1C /* Info.plist */ = {isa = PBXFileReference; lastKnownFileType = text.plist.xml; path = Info.plist; sourceTree = "<group>"; };
		5DFB94EC1CF7850900B43B1C /* ImageViewController.swift */ = {isa = PBXFileReference; fileEncoding = 4; lastKnownFileType = sourcecode.swift; path = ImageViewController.swift; sourceTree = "<group>"; };
/* End PBXFileReference section */

/* Begin PBXFrameworksBuildPhase section */
		5DFB94D11CF782E500B43B1C /* Frameworks */ = {
			isa = PBXFrameworksBuildPhase;
			buildActionMask = 2147483647;
			files = (
			);
			runOnlyForDeploymentPostprocessing = 0;
		};
/* End PBXFrameworksBuildPhase section */

/* Begin PBXGroup section */
		5DFB94CB1CF782E500B43B1C = {
			isa = PBXGroup;
			children = (
				5DFB94D61CF782E500B43B1C /* Cassini */,
				5DFB94D51CF782E500B43B1C /* Products */,
			);
			sourceTree = "<group>";
		};
		5DFB94D51CF782E500B43B1C /* Products */ = {
			isa = PBXGroup;
			children = (
				5DFB94D41CF782E500B43B1C /* Cassini.app */,
			);
			name = Products;
			sourceTree = "<group>";
		};
		5DFB94D61CF782E500B43B1C /* Cassini */ = {
			isa = PBXGroup;
			children = (
				5DFB94EC1CF7850900B43B1C /* ImageViewController.swift */,
				5DFB94DB1CF782E500B43B1C /* Main.storyboard */,
				5DFB94E31CF782E500B43B1C /* Info.plist */,
				5DFB94E91CF783C600B43B1C /* Supporting Files */,
			);
			path = Cassini;
			sourceTree = "<group>";
		};
		5DFB94E91CF783C600B43B1C /* Supporting Files */ = {
			isa = PBXGroup;
			children = (
				5DFB94D71CF782E500B43B1C /* AppDelegate.swift */,
				5DFB94DE1CF782E500B43B1C /* Assets.xcassets */,
				5DFB94E01CF782E500B43B1C /* LaunchScreen.storyboard */,
			);
			name = "Supporting Files";
			sourceTree = "<group>";
		};
/* End PBXGroup section */

/* Begin PBXNativeTarget section */
		5DFB94D31CF782E500B43B1C /* Cassini */ = {
			isa = PBXNativeTarget;
			buildConfigurationList = 5DFB94E61CF782E500B43B1C /* Build configuration list for PBXNativeTarget "Cassini" */;
			buildPhases = (
				5DFB94D01CF782E500B43B1C /* Sources */,
				5DFB94D11CF782E500B43B1C /* Frameworks */,
				5DFB94D21CF782E500B43B1C /* Resources */,
			);
			buildRules = (
			);
			dependencies = (
			);
			name = Cassini;
			productName = Cassini;
			productReference = 5DFB94D41CF782E500B43B1C /* Cassini.app */;
			productType = "com.apple.product-type.application";
		};
/* End PBXNativeTarget section */

/* Begin PBXProject section */
		5DFB94CC1CF782E500B43B1C /* Project object */ = {
			isa = PBXProject;
			attributes = {
				LastSwiftUpdateCheck = 0730;
				LastUpgradeCheck = 0730;
				ORGANIZATIONNAME = "Ali Abbas Jaffri";
				TargetAttributes = {
					5DFB94D31CF782E500B43B1C = {
						CreatedOnToolsVersion = 7.3.1;
						DevelopmentTeam = 3QB48FN2FK;
					};
				};
			};
			buildConfigurationList = 5DFB94CF1CF782E500B43B1C /* Build configuration list for PBXProject "Cassini" */;
			compatibilityVersion = "Xcode 3.2";
			developmentRegion = English;
			hasScannedForEncodings = 0;
			knownRegions = (
				en,
				Base,
			);
			mainGroup = 5DFB94CB1CF782E500B43B1C;
			productRefGroup = 5DFB94D51CF782E500B43B1C /* Products */;
			projectDirPath = "";
			projectRoot = "";
			targets = (
				5DFB94D31CF782E500B43B1C /* Cassini */,
			);
		};
/* End PBXProject section */

/* Begin PBXResourcesBuildPhase section */
		5DFB94D21CF782E500B43B1C /* Resources */ = {
			isa = PBXResourcesBuildPhase;
			buildActionMask = 2147483647;
			files = (
				5DFB94E21CF782E500B43B1C /* LaunchScreen.storyboard in Resources */,
				5DFB94DF1CF782E500B43B1C /* Assets.xcassets in Resources */,
				5DFB94DD1CF782E500B43B1C /* Main.storyboard in Resources */,
			);
			runOnlyForDeploymentPostprocessing = 0;
		};
/* End PBXResourcesBuildPhase section */

/* Begin PBXSourcesBuildPhase section */
		5DFB94D01CF782E500B43B1C /* Sources */ = {
			isa = PBXSourcesBuildPhase;
			buildActionMask = 2147483647;
			files = (
				5DFB94ED1CF7850900B43B1C /* ImageViewController.swift in Sources */,
				5DFB94D81CF782E500B43B1C /* AppDelegate.swift in Sources */,
			);
			runOnlyForDeploymentPostprocessing = 0;
		};
/* End PBXSourcesBuildPhase section */

/* Begin PBXVariantGroup section */
		5DFB94DB1CF782E500B43B1C /* Main.storyboard */ = {
			isa = PBXVariantGroup;
			children = (
				5DFB94DC1CF782E500B43B1C /* Base */,
			);
			name = Main.storyboard;
			sourceTree = "<group>";
		};
		5DFB94E01CF782E500B43B1C /* LaunchScreen.storyboard */ = {
			isa = PBXVariantGroup;
			children = (
				5DFB94E11CF782E500B43B1C /* Base */,
			);
			name = LaunchScreen.storyboard;
			sourceTree = "<group>";
		};
/* End PBXVariantGroup section */

/* Begin XCBuildConfiguration section */
		5DFB94E41CF782E500B43B1C /* Debug */ = {
			isa = XCBuildConfiguration;
			buildSettings = {
				ALWAYS_SEARCH_USER_PATHS = NO;
				CLANG_ANALYZER_NONNULL = YES;
				CLANG_CXX_LANGUAGE_STANDARD = "gnu++0x";
				CLANG_CXX_LIBRARY = "libc++";
				CLANG_ENABLE_MODULES = YES;
				CLANG_ENABLE_OBJC_ARC = YES;
				CLANG_WARN_BOOL_CONVERSION = YES;
				CLANG_WARN_CONSTANT_CONVERSION = YES;
				CLANG_WARN_DIRECT_OBJC_ISA_USAGE = YES_ERROR;
				CLANG_WARN_EMPTY_BODY = YES;
				CLANG_WARN_ENUM_CONVERSION = YES;
				CLANG_WARN_INT_CONVERSION = YES;
				CLANG_WARN_OBJC_ROOT_CLASS = YES_ERROR;
				CLANG_WARN_UNREACHABLE_CODE = YES;
				CLANG_WARN__DUPLICATE_METHOD_MATCH = YES;
				"CODE_SIGN_IDENTITY[sdk=iphoneos*]" = "iPhone Developer";
				COPY_PHASE_STRIP = NO;
				DEBUG_INFORMATION_FORMAT = dwarf;
				ENABLE_STRICT_OBJC_MSGSEND = YES;
				ENABLE_TESTABILITY = YES;
				GCC_C_LANGUAGE_STANDARD = gnu99;
				GCC_DYNAMIC_NO_PIC = NO;
				GCC_NO_COMMON_BLOCKS = YES;
				GCC_OPTIMIZATION_LEVEL = 0;
				GCC_PREPROCESSOR_DEFINITIONS = (
					"DEBUG=1",
					"$(inherited)",
				);
				GCC_WARN_64_TO_32_BIT_CONVERSION = YES;
				GCC_WARN_ABOUT_RETURN_TYPE = YES_ERROR;
				GCC_WARN_UNDECLARED_SELECTOR = YES;
				GCC_WARN_UNINITIALIZED_AUTOS = YES_AGGRESSIVE;
				GCC_WARN_UNUSED_FUNCTION = YES;
				GCC_WARN_UNUSED_VARIABLE = YES;
				IPHONEOS_DEPLOYMENT_TARGET = 9.3;
				MTL_ENABLE_DEBUG_INFO = YES;
				ONLY_ACTIVE_ARCH = YES;
				SDKROOT = iphoneos;
				SWIFT_OPTIMIZATION_LEVEL = "-Onone";
				TARGETED_DEVICE_FAMILY = "1,2";
			};
			name = Debug;
		};
		5DFB94E51CF782E500B43B1C /* Release */ = {
			isa = XCBuildConfiguration;
			buildSettings = {
				ALWAYS_SEARCH_USER_PATHS = NO;
				CLANG_ANALYZER_NONNULL = YES;
				CLANG_CXX_LANGUAGE_STANDARD = "gnu++0x";
				CLANG_CXX_LIBRARY = "libc++";
				CLANG_ENABLE_MODULES = YES;
				CLANG_ENABLE_OBJC_ARC = YES;
				CLANG_WARN_BOOL_CONVERSION = YES;
				CLANG_WARN_CONSTANT_CONVERSION = YES;
				CLANG_WARN_DIRECT_OBJC_ISA_USAGE = YES_ERROR;
				CLANG_WARN_EMPTY_BODY = YES;
				CLANG_WARN_ENUM_CONVERSION = YES;
				CLANG_WARN_INT_CONVERSION = YES;
				CLANG_WARN_OBJC_ROOT_CLASS = YES_ERROR;
				CLANG_WARN_UNREACHABLE_CODE = YES;
				CLANG_WARN__DUPLICATE_METHOD_MATCH = YES;
				"CODE_SIGN_IDENTITY[sdk=iphoneos*]" = "iPhone Developer";
				COPY_PHASE_STRIP = NO;
				DEBUG_INFORMATION_FORMAT = "dwarf-with-dsym";
				ENABLE_NS_ASSERTIONS = NO;
				ENABLE_STRICT_OBJC_MSGSEND = YES;
				GCC_C_LANGUAGE_STANDARD = gnu99;
				GCC_NO_COMMON_BLOCKS = YES;
				GCC_WARN_64_TO_32_BIT_CONVERSION = YES;
				GCC_WARN_ABOUT_RETURN_TYPE = YES_ERROR;
				GCC_WARN_UNDECLARED_SELECTOR = YES;
				GCC_WARN_UNINITIALIZED_AUTOS = YES_AGGRESSIVE;
				GCC_WARN_UNUSED_FUNCTION = YES;
				GCC_WARN_UNUSED_VARIABLE = YES;
				IPHONEOS_DEPLOYMENT_TARGET = 9.3;
				MTL_ENABLE_DEBUG_INFO = NO;
				SDKROOT = iphoneos;
				TARGETED_DEVICE_FAMILY = "1,2";
				VALIDATE_PRODUCT = YES;
			};
			name = Release;
		};
		5DFB94E71CF782E500B43B1C /* Debug */ = {
			isa = XCBuildConfiguration;
			buildSettings = {
				ASSETCATALOG_COMPILER_APPICON_NAME = AppIcon;
				INFOPLIST_FILE = Cassini/Info.plist;
				LD_RUNPATH_SEARCH_PATHS = "$(inherited) @executable_path/Frameworks";
				PRODUCT_BUNDLE_IDENTIFIER = com.aliabbasjaffri.Cassini;
				PRODUCT_NAME = "$(TARGET_NAME)";
			};
			name = Debug;
		};
		5DFB94E81CF782E500B43B1C /* Release */ = {
			isa = XCBuildConfiguration;
			buildSettings = {
				ASSETCATALOG_COMPILER_APPICON_NAME = AppIcon;
				INFOPLIST_FILE = Cassini/Info.plist;
				LD_RUNPATH_SEARCH_PATHS = "$(inherited) @executable_path/Frameworks";
				PRODUCT_BUNDLE_IDENTIFIER = com.aliabbasjaffri.Cassini;
				PRODUCT_NAME = "$(TARGET_NAME)";
			};
			name = Release;
		};
/* End XCBuildConfiguration section */

/* Begin XCConfigurationList section */
		5DFB94CF1CF782E500B43B1C /* Build configuration list for PBXProject "Cassini" */ = {
			isa = XCConfigurationList;
			buildConfigurations = (
				5DFB94E41CF782E500B43B1C /* Debug */,
				5DFB94E51CF782E500B43B1C /* Release */,
			);
			defaultConfigurationIsVisible = 0;
			defaultConfigurationName = Release;
		};
		5DFB94E61CF782E500B43B1C /* Build configuration list for PBXNativeTarget "Cassini" */ = {
			isa = XCConfigurationList;
			buildConfigurations = (
				5DFB94E71CF782E500B43B1C /* Debug */,
				5DFB94E81CF782E500B43B1C /* Release */,
			);
			defaultConfigurationIsVisible = 0;
		};
/* End XCConfigurationList section */
	};
	rootObject = 5DFB94CC1CF782E500B43B1C /* Project object */;
}
